PODS:
  - Foil (5.1.2)
  - JCore (3.2.9)
  - JVerification (2.9.3):
    - JCore (>= 2.1.6)
  - NordicDFU (4.16.0):
    - ZIPFoundation (= 0.9.19)
  - RxRelay (6.9.0):
    - RxSwift (= 6.9.0)
  - RxSwift (6.9.0)
  - SwiftDate (7.0.0)
  - SwiftyBeaver (1.9.6)
  - ZIPFoundation (0.9.19)

DEPENDENCIES:
  - Foil
  - JCore (= 3.2.9)
  - JVerification (= 2.9.3)
  - NordicDFU
  - RxRelay
  - RxSwift
  - SwiftDate
  - SwiftyBeaver (~> 1.9)
  - ZIPFoundation (= 0.9.19)

SPEC REPOS:
  trunk:
    - Foil
    - JCore
    - JVerification
    - NordicDFU
    - RxRelay
    - RxSwift
    - SwiftDate
    - SwiftyBeaver
    - ZIPFoundation

SPEC CHECKSUMS:
  Foil: 4c86d5cc74b811061f5d98649d1ea06365f684fd
  JCore: 077afdffd7772ecc3f9faef9727af040d31f1d7b
  JVerification: ff081af51f076b20b6eb94aed4d879419e698583
  NordicDFU: 116a4ec458945889f8e0e71759e03b23c39c3482
  RxRelay: 6b0c930e5cef57d5fe2032571e5e65b78e3cbdb1
  RxSwift: 31649ace6aceeb422e16ff71c60804f9c3281ed9
  SwiftDate: bbc26e26fc8c0c33fbee8c140c5e8a68293a148a
  SwiftyBeaver: c8241b4745aa269a78ca5a022532c6915e948536
  ZIPFoundation: b8c29ea7ae353b309bc810586181fd073cb3312c

PODFILE CHECKSUM: e5b0038ab31cb8badd0e166d41aa7003b8598946

COCOAPODS: 1.16.2
